
Microsoft Visual Studio Solution File, Format Version 12.00
# Visual Studio Version 17
VisualStudioVersion = 17.6.33829.357
MinimumVisualStudioVersion = 10.0.40219.1
Project("{FAE04EC0-301F-11D3-BF4B-00C04F79EFBC}") = "Ado", "Ado\Ado.csproj", "{B2987B6B-7A47-4B83-B368-4EADEC341A86}"
EndProject
Global
	GlobalSection(SolutionConfigurationPlatforms) = preSolution
		Debug|Any CPU = Debug|Any CPU
		Release|Any CPU = Release|Any CPU
	EndGlobalSection
	GlobalSection(ProjectConfigurationPlatforms) = postSolution
		{B2987B6B-7A47-4B83-B368-4EADEC341A86}.Debug|Any CPU.ActiveCfg = Debug|Any CPU
		{B2987B6B-7A47-4B83-B368-4EADEC341A86}.Debug|Any CPU.Build.0 = Debug|Any CPU
		{B2987B6B-7A47-4B83-B368-4EADEC341A86}.Release|Any CPU.ActiveCfg = Release|Any CPU
		{B2987B6B-7A47-4B83-B368-4EADEC341A86}.Release|Any CPU.Build.0 = Release|Any CPU
	EndGlobalSection
	GlobalSection(SolutionProperties) = preSolution
		HideSolutionNode = FALSE
	EndGlobalSection
	GlobalSection(ExtensibilityGlobals) = postSolution
		SolutionGuid = {3653E371-1E9E-4D66-B672-78B393654929}
	EndGlobalSection
EndGlobal
